
Microsoft Visual Studio Solution File, Format Version 12.00
# Visual Studio 15
VisualStudioVersion = 15.0.28307.329
MinimumVisualStudioVersion = 10.0.40219.1
Project("{FAE04EC0-301F-11D3-BF4B-00C04F79EFBC}") = "DepthFirstGraph", "DepthFirstGraph\DepthFirstGraph.csproj", "{306A1C75-8A42-4931-9AD4-CA1F38F330D0}"
EndProject
Project("{FAE04EC0-301F-11D3-BF4B-00C04F79EFBC}") = "XUnitTestDepthFirstGraph", "XUnitTestDepthFirstGraph\XUnitTestDepthFirstGraph.csproj", "{D34A2D4B-9275-4652-AC6B-CAC1AA904DE6}"
EndProject
Global
	GlobalSection(SolutionConfigurationPlatforms) = preSolution
		Debug|Any CPU = Debug|Any CPU
		Release|Any CPU = Release|Any CPU
	EndGlobalSection
	GlobalSection(ProjectConfigurationPlatforms) = postSolution
		{306A1C75-8A42-4931-9AD4-CA1F38F330D0}.Debug|Any CPU.ActiveCfg = Debug|Any CPU
		{306A1C75-8A42-4931-9AD4-CA1F38F330D0}.Debug|Any CPU.Build.0 = Debug|Any CPU
		{306A1C75-8A42-4931-9AD4-CA1F38F330D0}.Release|Any CPU.ActiveCfg = Release|Any CPU
		{306A1C75-8A42-4931-9AD4-CA1F38F330D0}.Release|Any CPU.Build.0 = Release|Any CPU
		{D34A2D4B-9275-4652-AC6B-CAC1AA904DE6}.Debug|Any CPU.ActiveCfg = Debug|Any CPU
		{D34A2D4B-9275-4652-AC6B-CAC1AA904DE6}.Debug|Any CPU.Build.0 = Debug|Any CPU
		{D34A2D4B-9275-4652-AC6B-CAC1AA904DE6}.Release|Any CPU.ActiveCfg = Release|Any CPU
		{D34A2D4B-9275-4652-AC6B-CAC1AA904DE6}.Release|Any CPU.Build.0 = Release|Any CPU
	EndGlobalSection
	GlobalSection(SolutionProperties) = preSolution
		HideSolutionNode = FALSE
	EndGlobalSection
	GlobalSection(ExtensibilityGlobals) = postSolution
		SolutionGuid = {7173F381-744C-4073-A627-B5FEB348D05A}
	EndGlobalSection
EndGlobal
