
Microsoft Visual Studio Solution File, Format Version 12.00
# Visual Studio 15
VisualStudioVersion = 15.0.28307.271
MinimumVisualStudioVersion = 10.0.40219.1
Project("{FAE04EC0-301F-11D3-BF4B-00C04F79EFBC}") = "BinarySearch", "BinarySearch\BinarySearch.csproj", "{61EA5507-A4CA-4427-B322-ADB9DC0C8E78}"
EndProject
Project("{FAE04EC0-301F-11D3-BF4B-00C04F79EFBC}") = "XUnitTestBinarySearch", "XUnitTestBinarySearch\XUnitTestBinarySearch.csproj", "{71005B87-D463-4E8B-8BE4-F2B212EF52EB}"
EndProject
Global
	GlobalSection(SolutionConfigurationPlatforms) = preSolution
		Debug|Any CPU = Debug|Any CPU
		Release|Any CPU = Release|Any CPU
	EndGlobalSection
	GlobalSection(ProjectConfigurationPlatforms) = postSolution
		{61EA5507-A4CA-4427-B322-ADB9DC0C8E78}.Debug|Any CPU.ActiveCfg = Debug|Any CPU
		{61EA5507-A4CA-4427-B322-ADB9DC0C8E78}.Debug|Any CPU.Build.0 = Debug|Any CPU
		{61EA5507-A4CA-4427-B322-ADB9DC0C8E78}.Release|Any CPU.ActiveCfg = Release|Any CPU
		{61EA5507-A4CA-4427-B322-ADB9DC0C8E78}.Release|Any CPU.Build.0 = Release|Any CPU
		{71005B87-D463-4E8B-8BE4-F2B212EF52EB}.Debug|Any CPU.ActiveCfg = Debug|Any CPU
		{71005B87-D463-4E8B-8BE4-F2B212EF52EB}.Debug|Any CPU.Build.0 = Debug|Any CPU
		{71005B87-D463-4E8B-8BE4-F2B212EF52EB}.Release|Any CPU.ActiveCfg = Release|Any CPU
		{71005B87-D463-4E8B-8BE4-F2B212EF52EB}.Release|Any CPU.Build.0 = Release|Any CPU
	EndGlobalSection
	GlobalSection(SolutionProperties) = preSolution
		HideSolutionNode = FALSE
	EndGlobalSection
	GlobalSection(ExtensibilityGlobals) = postSolution
		SolutionGuid = {8BE2485B-3B26-440F-995A-82B28CE3FA70}
	EndGlobalSection
EndGlobal
