
Microsoft Visual Studio Solution File, Format Version 12.00
# Visual Studio 15
VisualStudioVersion = 15.0.28307.329
MinimumVisualStudioVersion = 10.0.40219.1
Project("{FAE04EC0-301F-11D3-BF4B-00C04F79EFBC}") = "HashTables", "HashTables\HashTables.csproj", "{E101DEC4-D5A2-4E49-A3EB-7179081DCAA9}"
EndProject
Project("{FAE04EC0-301F-11D3-BF4B-00C04F79EFBC}") = "XUnitTestHashTables", "XUnitTestHashTables\XUnitTestHashTables.csproj", "{5435F444-A7D0-4667-9821-667322B15771}"
EndProject
Global
	GlobalSection(SolutionConfigurationPlatforms) = preSolution
		Debug|Any CPU = Debug|Any CPU
		Release|Any CPU = Release|Any CPU
	EndGlobalSection
	GlobalSection(ProjectConfigurationPlatforms) = postSolution
		{E101DEC4-D5A2-4E49-A3EB-7179081DCAA9}.Debug|Any CPU.ActiveCfg = Debug|Any CPU
		{E101DEC4-D5A2-4E49-A3EB-7179081DCAA9}.Debug|Any CPU.Build.0 = Debug|Any CPU
		{E101DEC4-D5A2-4E49-A3EB-7179081DCAA9}.Release|Any CPU.ActiveCfg = Release|Any CPU
		{E101DEC4-D5A2-4E49-A3EB-7179081DCAA9}.Release|Any CPU.Build.0 = Release|Any CPU
		{5435F444-A7D0-4667-9821-667322B15771}.Debug|Any CPU.ActiveCfg = Debug|Any CPU
		{5435F444-A7D0-4667-9821-667322B15771}.Debug|Any CPU.Build.0 = Debug|Any CPU
		{5435F444-A7D0-4667-9821-667322B15771}.Release|Any CPU.ActiveCfg = Release|Any CPU
		{5435F444-A7D0-4667-9821-667322B15771}.Release|Any CPU.Build.0 = Release|Any CPU
	EndGlobalSection
	GlobalSection(SolutionProperties) = preSolution
		HideSolutionNode = FALSE
	EndGlobalSection
	GlobalSection(ExtensibilityGlobals) = postSolution
		SolutionGuid = {BCA2308F-F2E9-4856-A58A-EA94610F2FB3}
	EndGlobalSection
EndGlobal
