
Microsoft Visual Studio Solution File, Format Version 12.00
# Visual Studio 15
VisualStudioVersion = 15.0.28307.329
MinimumVisualStudioVersion = 10.0.40219.1
Project("{FAE04EC0-301F-11D3-BF4B-00C04F79EFBC}") = "RepeatedWord", "RepeatedWord\RepeatedWord.csproj", "{4A701BD5-0CC0-4B36-936D-BF380448C5DE}"
EndProject
Project("{FAE04EC0-301F-11D3-BF4B-00C04F79EFBC}") = "XUnitTestRepeatedWord", "XUnitTestRepeatedWord\XUnitTestRepeatedWord.csproj", "{5182877C-E2BD-4656-A600-F619EB972DBE}"
EndProject
Global
	GlobalSection(SolutionConfigurationPlatforms) = preSolution
		Debug|Any CPU = Debug|Any CPU
		Release|Any CPU = Release|Any CPU
	EndGlobalSection
	GlobalSection(ProjectConfigurationPlatforms) = postSolution
		{4A701BD5-0CC0-4B36-936D-BF380448C5DE}.Debug|Any CPU.ActiveCfg = Debug|Any CPU
		{4A701BD5-0CC0-4B36-936D-BF380448C5DE}.Debug|Any CPU.Build.0 = Debug|Any CPU
		{4A701BD5-0CC0-4B36-936D-BF380448C5DE}.Release|Any CPU.ActiveCfg = Release|Any CPU
		{4A701BD5-0CC0-4B36-936D-BF380448C5DE}.Release|Any CPU.Build.0 = Release|Any CPU
		{5182877C-E2BD-4656-A600-F619EB972DBE}.Debug|Any CPU.ActiveCfg = Debug|Any CPU
		{5182877C-E2BD-4656-A600-F619EB972DBE}.Debug|Any CPU.Build.0 = Debug|Any CPU
		{5182877C-E2BD-4656-A600-F619EB972DBE}.Release|Any CPU.ActiveCfg = Release|Any CPU
		{5182877C-E2BD-4656-A600-F619EB972DBE}.Release|Any CPU.Build.0 = Release|Any CPU
	EndGlobalSection
	GlobalSection(SolutionProperties) = preSolution
		HideSolutionNode = FALSE
	EndGlobalSection
	GlobalSection(ExtensibilityGlobals) = postSolution
		SolutionGuid = {E10AE88F-C6D3-435F-AF35-18EE9095BE1E}
	EndGlobalSection
EndGlobal
