
Microsoft Visual Studio Solution File, Format Version 12.00
# Visual Studio 15
VisualStudioVersion = 15.0.28307.271
MinimumVisualStudioVersion = 10.0.40219.1
Project("{9A19103F-16F7-4668-BE54-9A1E7A4F7556}") = "LinkedList", "LinkedList\LinkedList.csproj", "{232800EA-AA5B-445E-A84A-8F074DC11A1B}"
EndProject
Project("{FAE04EC0-301F-11D3-BF4B-00C04F79EFBC}") = "XUnitTestLList", "XUnitTestLList\XUnitTestLList.csproj", "{0FBEDEA4-8B31-41FA-98F0-1EF631F66C7E}"
EndProject
Global
	GlobalSection(SolutionConfigurationPlatforms) = preSolution
		Debug|Any CPU = Debug|Any CPU
		Release|Any CPU = Release|Any CPU
	EndGlobalSection
	GlobalSection(ProjectConfigurationPlatforms) = postSolution
		{232800EA-AA5B-445E-A84A-8F074DC11A1B}.Debug|Any CPU.ActiveCfg = Debug|Any CPU
		{232800EA-AA5B-445E-A84A-8F074DC11A1B}.Debug|Any CPU.Build.0 = Debug|Any CPU
		{232800EA-AA5B-445E-A84A-8F074DC11A1B}.Release|Any CPU.ActiveCfg = Release|Any CPU
		{232800EA-AA5B-445E-A84A-8F074DC11A1B}.Release|Any CPU.Build.0 = Release|Any CPU
		{0FBEDEA4-8B31-41FA-98F0-1EF631F66C7E}.Debug|Any CPU.ActiveCfg = Debug|Any CPU
		{0FBEDEA4-8B31-41FA-98F0-1EF631F66C7E}.Debug|Any CPU.Build.0 = Debug|Any CPU
		{0FBEDEA4-8B31-41FA-98F0-1EF631F66C7E}.Release|Any CPU.ActiveCfg = Release|Any CPU
		{0FBEDEA4-8B31-41FA-98F0-1EF631F66C7E}.Release|Any CPU.Build.0 = Release|Any CPU
	EndGlobalSection
	GlobalSection(SolutionProperties) = preSolution
		HideSolutionNode = FALSE
	EndGlobalSection
	GlobalSection(ExtensibilityGlobals) = postSolution
		SolutionGuid = {24F011B4-EF22-4399-B5E3-32491B311C98}
	EndGlobalSection
EndGlobal
