
Microsoft Visual Studio Solution File, Format Version 12.00
# Visual Studio 15
VisualStudioVersion = 15.0.28307.271
MinimumVisualStudioVersion = 10.0.40219.1
Project("{9A19103F-16F7-4668-BE54-9A1E7A4F7556}") = "HappyTrees", "HappyTrees\HappyTrees.csproj", "{E089A0D5-F12A-4EC5-A0C4-D8229399B101}"
EndProject
Project("{FAE04EC0-301F-11D3-BF4B-00C04F79EFBC}") = "XUnitTestTrees", "XUnitTestTrees\XUnitTestTrees.csproj", "{C2903743-00F6-468F-832B-A71152CF4624}"
EndProject
Global
	GlobalSection(SolutionConfigurationPlatforms) = preSolution
		Debug|Any CPU = Debug|Any CPU
		Release|Any CPU = Release|Any CPU
	EndGlobalSection
	GlobalSection(ProjectConfigurationPlatforms) = postSolution
		{E089A0D5-F12A-4EC5-A0C4-D8229399B101}.Debug|Any CPU.ActiveCfg = Debug|Any CPU
		{E089A0D5-F12A-4EC5-A0C4-D8229399B101}.Debug|Any CPU.Build.0 = Debug|Any CPU
		{E089A0D5-F12A-4EC5-A0C4-D8229399B101}.Release|Any CPU.ActiveCfg = Release|Any CPU
		{E089A0D5-F12A-4EC5-A0C4-D8229399B101}.Release|Any CPU.Build.0 = Release|Any CPU
		{C2903743-00F6-468F-832B-A71152CF4624}.Debug|Any CPU.ActiveCfg = Debug|Any CPU
		{C2903743-00F6-468F-832B-A71152CF4624}.Debug|Any CPU.Build.0 = Debug|Any CPU
		{C2903743-00F6-468F-832B-A71152CF4624}.Release|Any CPU.ActiveCfg = Release|Any CPU
		{C2903743-00F6-468F-832B-A71152CF4624}.Release|Any CPU.Build.0 = Release|Any CPU
	EndGlobalSection
	GlobalSection(SolutionProperties) = preSolution
		HideSolutionNode = FALSE
	EndGlobalSection
	GlobalSection(ExtensibilityGlobals) = postSolution
		SolutionGuid = {EDE35D83-245A-4E35-BC38-0C05755EA426}
	EndGlobalSection
EndGlobal
